PODS:
  - KeychainSwift (19.0.0)
  - SwiftyJSON (4.3.0)

DEPENDENCIES:
  - KeychainSwift
  - SwiftyJSON (~> 4.0)

SPEC REPOS:
  trunk:
    - KeychainSwift
    - SwiftyJSON

SPEC CHECKSUMS:
  KeychainSwift: a06190cf933ad46b1e0abc3d77d29c06331715c7
  SwiftyJSON: 6faa0040f8b59dead0ee07436cbf76b73c08fd08

PODFILE CHECKSUM: 020f7a85155123b1f1e8ab87b4178c0eb2b17467

COCOAPODS: 1.9.1
